
Microsoft Visual Studio Solution File, Format Version 12.00
# Visual Studio Version 16
VisualStudioVersion = 16.0.29609.76
MinimumVisualStudioVersion = 10.0.40219.1
Project("{9A19103F-16F7-4668-BE54-9A1E7A4F7556}") = "Mendz.Library", "Mendz.Library\Mendz.Library.csproj", "{16EF69C3-391E-47DD-B783-3CCD9F1AEA7D}"
EndProject
Project("{9A19103F-16F7-4668-BE54-9A1E7A4F7556}") = "UnitTest.Mendz.Library", "UnitTest.Mendz.Library\UnitTest.Mendz.Library.csproj", "{0A9A891E-CF49-474F-B875-D2971D116342}"
EndProject
Global
	GlobalSection(SolutionConfigurationPlatforms) = preSolution
		Debug|Any CPU = Debug|Any CPU
		Release|Any CPU = Release|Any CPU
	EndGlobalSection
	GlobalSection(ProjectConfigurationPlatforms) = postSolution
		{16EF69C3-391E-47DD-B783-3CCD9F1AEA7D}.Debug|Any CPU.ActiveCfg = Debug|Any CPU
		{16EF69C3-391E-47DD-B783-3CCD9F1AEA7D}.Debug|Any CPU.Build.0 = Debug|Any CPU
		{16EF69C3-391E-47DD-B783-3CCD9F1AEA7D}.Release|Any CPU.ActiveCfg = Release|Any CPU
		{16EF69C3-391E-47DD-B783-3CCD9F1AEA7D}.Release|Any CPU.Build.0 = Release|Any CPU
		{0A9A891E-CF49-474F-B875-D2971D116342}.Debug|Any CPU.ActiveCfg = Debug|Any CPU
		{0A9A891E-CF49-474F-B875-D2971D116342}.Debug|Any CPU.Build.0 = Debug|Any CPU
		{0A9A891E-CF49-474F-B875-D2971D116342}.Release|Any CPU.ActiveCfg = Release|Any CPU
		{0A9A891E-CF49-474F-B875-D2971D116342}.Release|Any CPU.Build.0 = Release|Any CPU
	EndGlobalSection
	GlobalSection(SolutionProperties) = preSolution
		HideSolutionNode = FALSE
	EndGlobalSection
	GlobalSection(ExtensibilityGlobals) = postSolution
		SolutionGuid = {8FB88CFC-6EAC-4B8F-B9DD-7EC443F96636}
	EndGlobalSection
EndGlobal
